
Microsoft Visual Studio Solution File, Format Version 12.00
# Visual Studio Version 16
VisualStudioVersion = 16.0.30225.117
MinimumVisualStudioVersion = 10.0.40219.1
Project("{FAE04EC0-301F-11D3-BF4B-00C04F79EFBC}") = "Automation.Testing", "Automation.Testing\Automation.Testing.csproj", "{5743D24F-F7C0-4710-8BAF-552B8E229D73}"
EndProject
Project("{FAE04EC0-301F-11D3-BF4B-00C04F79EFBC}") = "Automation.Extensions", "Automation.Extensions\Automation.Extensions.csproj", "{5780FE44-4E38-4751-A644-95F9279A0F44}"
EndProject
Global
	GlobalSection(SolutionConfigurationPlatforms) = preSolution
		Debug|Any CPU = Debug|Any CPU
		Release|Any CPU = Release|Any CPU
	EndGlobalSection
	GlobalSection(ProjectConfigurationPlatforms) = postSolution
		{5743D24F-F7C0-4710-8BAF-552B8E229D73}.Debug|Any CPU.ActiveCfg = Debug|Any CPU
		{5743D24F-F7C0-4710-8BAF-552B8E229D73}.Debug|Any CPU.Build.0 = Debug|Any CPU
		{5743D24F-F7C0-4710-8BAF-552B8E229D73}.Release|Any CPU.ActiveCfg = Release|Any CPU
		{5743D24F-F7C0-4710-8BAF-552B8E229D73}.Release|Any CPU.Build.0 = Release|Any CPU
		{5780FE44-4E38-4751-A644-95F9279A0F44}.Debug|Any CPU.ActiveCfg = Debug|Any CPU
		{5780FE44-4E38-4751-A644-95F9279A0F44}.Debug|Any CPU.Build.0 = Debug|Any CPU
		{5780FE44-4E38-4751-A644-95F9279A0F44}.Release|Any CPU.ActiveCfg = Release|Any CPU
		{5780FE44-4E38-4751-A644-95F9279A0F44}.Release|Any CPU.Build.0 = Release|Any CPU
	EndGlobalSection
	GlobalSection(SolutionProperties) = preSolution
		HideSolutionNode = FALSE
	EndGlobalSection
	GlobalSection(ExtensibilityGlobals) = postSolution
		SolutionGuid = {EF2D8430-BBCC-4E7B-B6B0-A1FB50B45767}
	EndGlobalSection
EndGlobal
